
Microsoft Visual Studio Solution File, Format Version 12.00
# Visual Studio Version 16
VisualStudioVersion = 16.0.30011.22
MinimumVisualStudioVersion = 10.0.40219.1
Project("{9A19103F-16F7-4668-BE54-9A1E7A4F7556}") = "TimsCompressionStudy", "CompressionAlgorithms\TimsCompressionStudy.csproj", "{77443DB2-8B27-4821-8CEB-4188FAA2FE9F}"
EndProject
Global
	GlobalSection(SolutionConfigurationPlatforms) = preSolution
		Debug|Any CPU = Debug|Any CPU
		Release|Any CPU = Release|Any CPU
	EndGlobalSection
	GlobalSection(ProjectConfigurationPlatforms) = postSolution
		{77443DB2-8B27-4821-8CEB-4188FAA2FE9F}.Debug|Any CPU.ActiveCfg = Debug|Any CPU
		{77443DB2-8B27-4821-8CEB-4188FAA2FE9F}.Debug|Any CPU.Build.0 = Debug|Any CPU
		{77443DB2-8B27-4821-8CEB-4188FAA2FE9F}.Release|Any CPU.ActiveCfg = Release|Any CPU
		{77443DB2-8B27-4821-8CEB-4188FAA2FE9F}.Release|Any CPU.Build.0 = Release|Any CPU
	EndGlobalSection
	GlobalSection(SolutionProperties) = preSolution
		HideSolutionNode = FALSE
	EndGlobalSection
	GlobalSection(ExtensibilityGlobals) = postSolution
		SolutionGuid = {456C1C53-D7F5-4011-82EA-559CCFC3429E}
	EndGlobalSection
EndGlobal
